<?xml version="1.0" encoding="utf-8"?>
<Project ToolsVersion="4.0" xmlns="http://schemas.microsoft.com/developer/msbuild/2003">
  <ItemGroup>
    <Filter Include="Source Files">
      <UniqueIdentifier>{4FC737F1-C7A5-4376-A066-2A32D752A2FF}</UniqueIdentifier>
      <Extensions>cpp;c;cc;cxx;def;odl;idl;hpj;bat;asm;asmx</Extensions>
    </Filter>
    <Filter Include="Header Files">
      <UniqueIdentifier>{93995380-89BD-4b04-88EB-625FBE52EBFB}</UniqueIdentifier>
      <Extensions>h;hpp;hxx;hm;inl;inc;xsd</Extensions>
    </Filter>
    <Filter Include="Resource Files">
      <UniqueIdentifier>{67DA6AB6-F800-4c08-8B7A-83BB121AAD01}</UniqueIdentifier>
      <Extensions>rc;ico;cur;bmp;dlg;rc2;rct;bin;rgs;gif;jpg;jpeg;jpe;resx;tiff;tif;png;wav;mfcribbon-ms</Extensions>
    </Filter>
    <Filter Include="Source Files\Tests">
      <UniqueIdentifier>{ac8f9d26-abcf-48a6-a35d-5375e10f7452}</UniqueIdentifier>
    </Filter>
    <Filter Include="Header Files\PGE">
      <UniqueIdentifier>{f04275ba-e4b8-4b69-9f25-d442194a0bf5}</UniqueIdentifier>
    </Filter>
    <Filter Include="Header Files\PGE\Network">
      <UniqueIdentifier>{72fc9f1a-5047-4e06-abf0-82fe14906596}</UniqueIdentifier>
    </Filter>
    <Filter Include="Header Files\PGE\Audio">
      <UniqueIdentifier>{fe7d9b13-25be-4854-a4d5-6bbd30dae63a}</UniqueIdentifier>
    </Filter>
    <Filter Include="Header Files\PGE\Audio\SoLoud">
      <UniqueIdentifier>{e98ecd74-3e1b-4ad5-bdf0-d167131dc2a7}</UniqueIdentifier>
    </Filter>
    <Filter Include="Header Files\PGE\Config">
      <UniqueIdentifier>{638600f3-db0b-4fcb-a8b8-fac4f0a7435a}</UniqueIdentifier>
    </Filter>
    <Filter Include="Header Files\PGE\PURE">
      <UniqueIdentifier>{0ee9038c-b3cd-4756-86be-9e45b770babd}</UniqueIdentifier>
    </Filter>
    <Filter Include="Header Files\PGE\PURE\Render">
      <UniqueIdentifier>{02f69069-6945-4ac3-b358-c6a4d5b52f75}</UniqueIdentifier>
    </Filter>
    <Filter Include="Header Files\PGE\PURE\Hardware">
      <UniqueIdentifier>{508a1fd3-3d13-4838-b6c0-0f3bffbad096}</UniqueIdentifier>
    </Filter>
    <Filter Include="Header Files\PGE\PURE\Math">
      <UniqueIdentifier>{db9118d3-6558-482d-9023-e71eb0971a4e}</UniqueIdentifier>
    </Filter>
    <Filter Include="Header Files\PGE\PURE\Display">
      <UniqueIdentifier>{0ca0ff56-5279-45b3-89fc-ebb28084072e}</UniqueIdentifier>
    </Filter>
    <Filter Include="Header Files\PGE\PURE\Material">
      <UniqueIdentifier>{5488cfbb-f10f-4fa6-aeb4-6effe4fecfd1}</UniqueIdentifier>
    </Filter>
    <Filter Include="Header Files\PGE\PURE\Object3D">
      <UniqueIdentifier>{d01050dc-770c-4805-bafa-7267b8a55ed1}</UniqueIdentifier>
    </Filter>
    <Filter Include="Header Files\Tests">
      <UniqueIdentifier>{9cee923d-908d-4fb4-803c-55f7c80aa543}</UniqueIdentifier>
    </Filter>
    <Filter Include="Header Files\PFL">
      <UniqueIdentifier>{4ea71ac0-f6d4-4572-a969-16018786a1b2}</UniqueIdentifier>
    </Filter>
  </ItemGroup>
  <ItemGroup>
    <ClInclude Include="stdafx.h">
      <Filter>Header Files</Filter>
    </ClInclude>
    <ClInclude Include="targetver.h">
      <Filter>Header Files</Filter>
    </ClInclude>
    <ClInclude Include="Resource.h">
      <Filter>Header Files</Filter>
    </ClInclude>
    <ClInclude Include="PRooFPS-dd.h">
      <Filter>Header Files</Filter>
    </ClInclude>
    <ClInclude Include="PRooFPS-dd-PGE.h">
      <Filter>Header Files</Filter>
    </ClInclude>
    <ClInclude Include="Consts.h">
      <Filter>Header Files</Filter>
    </ClInclude>
    <ClInclude Include="PRooFPS-dd-packet.h">
      <Filter>Header Files</Filter>
    </ClInclude>
    <ClInclude Include="GameMode.h">
      <Filter>Header Files</Filter>
    </ClInclude>
    <ClInclude Include="MapItem.h">
      <Filter>Header Files</Filter>
    </ClInclude>
    <ClInclude Include="Tests\GameModeTest.h">
      <Filter>Header Files\Tests</Filter>
    </ClInclude>
    <ClInclude Include="Tests\InputSim.h">
      <Filter>Header Files\Tests</Filter>
    </ClInclude>
    <ClInclude Include="Tests\MapItemTest.h">
      <Filter>Header Files\Tests</Filter>
    </ClInclude>
    <ClInclude Include="Tests\MapsTest.h">
      <Filter>Header Files\Tests</Filter>
    </ClInclude>
    <ClInclude Include="Tests\Process.h">
      <Filter>Header Files\Tests</Filter>
    </ClInclude>
    <ClInclude Include="Tests\RegTestBasicServerClient2Players.h">
      <Filter>Header Files\Tests</Filter>
    </ClInclude>
    <ClInclude Include="Player.h">
      <Filter>Header Files</Filter>
    </ClInclude>
    <ClInclude Include="Tests\PlayerTest.h">
      <Filter>Header Files\Tests</Filter>
    </ClInclude>
    <ClInclude Include="Maps.h">
      <Filter>Header Files</Filter>
    </ClInclude>
    <ClInclude Include="InputHandling.h">
      <Filter>Header Files</Filter>
    </ClInclude>
    <ClInclude Include="Durations.h">
      <Filter>Header Files</Filter>
    </ClInclude>
    <ClInclude Include="Sounds.h">
      <Filter>Header Files</Filter>
    </ClInclude>
    <ClInclude Include="Physics.h">
      <Filter>Header Files</Filter>
    </ClInclude>
    <ClInclude Include="UserInterface.h">
      <Filter>Header Files</Filter>
    </ClInclude>
    <ClInclude Include="Networking.h">
      <Filter>Header Files</Filter>
    </ClInclude>
    <ClInclude Include="WeaponHandling.h">
      <Filter>Header Files</Filter>
    </ClInclude>
    <ClInclude Include="Strafe.h">
      <Filter>Header Files</Filter>
    </ClInclude>
    <ClInclude Include="SharedWithTest.h">
      <Filter>Header Files</Filter>
    </ClInclude>
    <ClInclude Include="..\..\PGE\PGE\Audio\soloud-RELEASE_20200207\include\soloud.h">
      <Filter>Header Files\PGE\Audio\SoLoud</Filter>
    </ClInclude>
    <ClInclude Include="..\..\PGE\PGE\Audio\soloud-RELEASE_20200207\include\soloud_wav.h">
      <Filter>Header Files\PGE\Audio\SoLoud</Filter>
    </ClInclude>
    <ClInclude Include="..\..\PGE\PGE\Config\PGEcfgFile.h">
      <Filter>Header Files\PGE\Config</Filter>
    </ClInclude>
    <ClInclude Include="..\..\PGE\PGE\Config\PGEcfgProfiles.h">
      <Filter>Header Files\PGE\Config</Filter>
    </ClInclude>
    <ClInclude Include="..\..\PGE\PGE\Config\PGEcfgVariable.h">
      <Filter>Header Files\PGE\Config</Filter>
    </ClInclude>
    <ClInclude Include="..\..\PGE\PGE\Network\PgeClient.h">
      <Filter>Header Files\PGE\Network</Filter>
    </ClInclude>
    <ClInclude Include="..\..\PGE\PGE\Network\PgeIServerClient.h">
      <Filter>Header Files\PGE\Network</Filter>
    </ClInclude>
    <ClInclude Include="..\..\PGE\PGE\Network\PgeNetwork.h">
      <Filter>Header Files\PGE\Network</Filter>
    </ClInclude>
    <ClInclude Include="..\..\PGE\PGE\Network\PgePacket.h">
      <Filter>Header Files\PGE\Network</Filter>
    </ClInclude>
    <ClInclude Include="..\..\PGE\PGE\Network\PgeServer.h">
      <Filter>Header Files\PGE\Network</Filter>
    </ClInclude>
    <ClInclude Include="..\..\PFL\PFL\winproof88.h">
      <Filter>Header Files\PFL</Filter>
    </ClInclude>
    <ClInclude Include="..\..\PGE\PGE\PGE.h">
      <Filter>Header Files\PGE</Filter>
    </ClInclude>
    <ClInclude Include="..\..\PGE\PGE\PGEInputHandler.h">
      <Filter>Header Files\PGE</Filter>
    </ClInclude>
    <ClInclude Include="..\..\PGE\PGE\PGEWorld.h">
      <Filter>Header Files\PGE</Filter>
    </ClInclude>
    <ClInclude Include="..\..\PGE\PGE\PGEWorldTime.h">
      <Filter>Header Files\PGE</Filter>
    </ClInclude>
    <ClInclude Include="..\..\PGE\PGE\PGEWorldWeather.h">
      <Filter>Header Files\PGE</Filter>
    </ClInclude>
    <ClInclude Include="..\..\PGE\PGE\PURE\include\external\Display\PureScreen.h">
      <Filter>Header Files\PGE\PURE\Display</Filter>
    </ClInclude>
    <ClInclude Include="..\..\PGE\PGE\PURE\include\external\Display\PureWindow.h">
      <Filter>Header Files\PGE\PURE\Display</Filter>
    </ClInclude>
    <ClInclude Include="..\..\PGE\PGE\PURE\include\external\PR00FsUltimateRenderingEngine.h">
      <Filter>Header Files\PGE\PURE</Filter>
    </ClInclude>
    <ClInclude Include="..\..\PGE\PGE\PURE\include\external\PureAllHeaders.h">
      <Filter>Header Files\PGE\PURE</Filter>
    </ClInclude>
    <ClInclude Include="..\..\PGE\PGE\PURE\include\external\PureCamera.h">
      <Filter>Header Files\PGE\PURE</Filter>
    </ClInclude>
    <ClInclude Include="..\..\PGE\PGE\PURE\include\external\PureFiledManager.h">
      <Filter>Header Files\PGE\PURE</Filter>
    </ClInclude>
    <ClInclude Include="..\..\PGE\PGE\PURE\include\external\PureManager.h">
      <Filter>Header Files\PGE\PURE</Filter>
    </ClInclude>
    <ClInclude Include="..\..\PGE\PGE\PURE\include\external\PureTypes.h">
      <Filter>Header Files\PGE\PURE</Filter>
    </ClInclude>
    <ClInclude Include="..\..\PGE\PGE\PURE\include\external\PureUiManager.h">
      <Filter>Header Files\PGE\PURE</Filter>
    </ClInclude>
    <ClInclude Include="..\..\PGE\PGE\PURE\include\external\Hardware\PureHwAudio.h">
      <Filter>Header Files\PGE\PURE\Hardware</Filter>
    </ClInclude>
    <ClInclude Include="..\..\PGE\PGE\PURE\include\external\Hardware\PureHwBase.h">
      <Filter>Header Files\PGE\PURE\Hardware</Filter>
    </ClInclude>
    <ClInclude Include="..\..\PGE\PGE\PURE\include\external\Hardware\PureHwCentralProcessor.h">
      <Filter>Header Files\PGE\PURE\Hardware</Filter>
    </ClInclude>
    <ClInclude Include="..\..\PGE\PGE\PURE\include\external\Hardware\PureHwInfo.h">
      <Filter>Header Files\PGE\PURE\Hardware</Filter>
    </ClInclude>
    <ClInclude Include="..\..\PGE\PGE\PURE\include\external\Hardware\PureHwSystemMemory.h">
      <Filter>Header Files\PGE\PURE\Hardware</Filter>
    </ClInclude>
    <ClInclude Include="..\..\PGE\PGE\PURE\include\external\Hardware\PureHwVideo.h">
      <Filter>Header Files\PGE\PURE\Hardware</Filter>
    </ClInclude>
    <ClInclude Include="..\..\PGE\PGE\PURE\include\external\Material\PureColor.h">
      <Filter>Header Files\PGE\PURE\Material</Filter>
    </ClInclude>
    <ClInclude Include="..\..\PGE\PGE\PURE\include\external\Material\PureImageManager.h">
      <Filter>Header Files\PGE\PURE\Material</Filter>
    </ClInclude>
    <ClInclude Include="..\..\PGE\PGE\PURE\include\external\Material\PureMaterialManager.h">
      <Filter>Header Files\PGE\PURE\Material</Filter>
    </ClInclude>
    <ClInclude Include="..\..\PGE\PGE\PURE\include\external\Material\PureTextureManager.h">
      <Filter>Header Files\PGE\PURE\Material</Filter>
    </ClInclude>
    <ClInclude Include="..\..\PGE\PGE\PURE\include\external\Math\PureMatrix.h">
      <Filter>Header Files\PGE\PURE\Math</Filter>
    </ClInclude>
    <ClInclude Include="..\..\PGE\PGE\PURE\include\external\Math\PurePosUpTarget.h">
      <Filter>Header Files\PGE\PURE\Math</Filter>
    </ClInclude>
    <ClInclude Include="..\..\PGE\PGE\PURE\include\external\Math\PureTransformMatrix.h">
      <Filter>Header Files\PGE\PURE\Math</Filter>
    </ClInclude>
    <ClInclude Include="..\..\PGE\PGE\PURE\include\external\Math\PureVector.h">
      <Filter>Header Files\PGE\PURE\Math</Filter>
    </ClInclude>
    <ClInclude Include="..\..\PGE\PGE\PURE\include\external\Object3D\PureMesh3DManager.h">
      <Filter>Header Files\PGE\PURE\Object3D</Filter>
    </ClInclude>
    <ClInclude Include="..\..\PGE\PGE\PURE\include\external\Object3D\PureObject3DManager.h">
      <Filter>Header Files\PGE\PURE\Object3D</Filter>
    </ClInclude>
    <ClInclude Include="..\..\PGE\PGE\PURE\include\external\Object3D\PureVertexTransferMode.h">
      <Filter>Header Files\PGE\PURE\Object3D</Filter>
    </ClInclude>
    <ClInclude Include="..\..\PGE\PGE\PURE\include\external\Render\PureIIncrementalRenderPipeline.h">
      <Filter>Header Files\PGE\PURE\Render</Filter>
    </ClInclude>
    <ClInclude Include="..\..\PGE\PGE\PURE\include\external\Render\PureIRenderable.h">
      <Filter>Header Files\PGE\PURE\Render</Filter>
    </ClInclude>
    <ClInclude Include="..\..\PGE\PGE\PURE\include\external\Render\PureIRenderer.h">
      <Filter>Header Files\PGE\PURE\Render</Filter>
    </ClInclude>
    <ClInclude Include="..\..\PGE\PGE\PURE\include\external\Render\PureRendererHWfixedPipe.h">
      <Filter>Header Files\PGE\PURE\Render</Filter>
    </ClInclude>
    <ClInclude Include="..\..\PGE\PGE\PURE\include\external\Render\PureRendererSWincremental.h">
      <Filter>Header Files\PGE\PURE\Render</Filter>
    </ClInclude>
  </ItemGroup>
  <ItemGroup>
    <ClCompile Include="stdafx.cpp">
      <Filter>Source Files</Filter>
    </ClCompile>
    <ClCompile Include="PRooFPS-dd.cpp">
      <Filter>Source Files</Filter>
    </ClCompile>
    <ClCompile Include="PRooFPS-dd-PGE.cpp">
      <Filter>Source Files</Filter>
    </ClCompile>
    <ClCompile Include="Tests\PRooFPS-dd-Tests.cpp">
      <Filter>Source Files\Tests</Filter>
    </ClCompile>
    <ClCompile Include="Maps.cpp">
      <Filter>Source Files</Filter>
    </ClCompile>
    <ClCompile Include="GameMode.cpp">
      <Filter>Source Files</Filter>
    </ClCompile>
    <ClCompile Include="MapItem.cpp">
      <Filter>Source Files</Filter>
    </ClCompile>
    <ClCompile Include="Tests\InputSim.cpp">
      <Filter>Source Files\Tests</Filter>
    </ClCompile>
    <ClCompile Include="Player.cpp">
      <Filter>Source Files</Filter>
    </ClCompile>
    <ClCompile Include="InputHandling.cpp">
      <Filter>Source Files</Filter>
    </ClCompile>
    <ClCompile Include="Physics.cpp">
      <Filter>Source Files</Filter>
    </ClCompile>
    <ClCompile Include="UserInterface.cpp">
      <Filter>Source Files</Filter>
    </ClCompile>
    <ClCompile Include="Networking.cpp">
      <Filter>Source Files</Filter>
    </ClCompile>
    <ClCompile Include="WeaponHandling.cpp">
      <Filter>Source Files</Filter>
    </ClCompile>
    <ClCompile Include="Strafe.cpp">
      <Filter>Source Files</Filter>
    </ClCompile>
    <ClCompile Include="SharedWithTest.cpp">
      <Filter>Source Files</Filter>
    </ClCompile>
  </ItemGroup>
  <ItemGroup>
    <ResourceCompile Include="PRooFPS-dd.rc">
      <Filter>Resource Files</Filter>
    </ResourceCompile>
  </ItemGroup>
  <ItemGroup>
    <Image Include="small.ico">
      <Filter>Resource Files</Filter>
    </Image>
    <Image Include="PRooFPS-dd.ico">
      <Filter>Resource Files</Filter>
    </Image>
  </ItemGroup>
</Project>